
Microsoft Visual Studio Solution File, Format Version 12.00
# Visual Studio 2012
Project("{FAE04EC0-301F-11D3-BF4B-00C04F79EFBC}") = "BasicExamples", "BasicExamples\BasicExamples.csproj", "{E6A09BAF-DC0B-4EB2-9B63-969C725D0D0A}"
EndProject
Project("{FAE04EC0-301F-11D3-BF4B-00C04F79EFBC}") = "TimeServer.ConsoleHost", "TimeServer.ConsoleHost\TimeServer.ConsoleHost.csproj", "{8FAE2A03-FD78-44E2-A85B-FEE5E7D2FA05}"
EndProject
Project("{2150E333-8FDC-42A3-9474-1A3956D46DE8}") = ".nuget", ".nuget", "{59BFFC9C-211C-48C7-A222-45B95051E1D5}"
	ProjectSection(SolutionItems) = preProject
		.nuget\NuGet.exe = .nuget\NuGet.exe
		.nuget\NuGet.targets = .nuget\NuGet.targets
	EndProjectSection
EndProject
Project("{FAE04EC0-301F-11D3-BF4B-00C04F79EFBC}") = "SiteMonitor", "SiteMonitor\SiteMonitor.csproj", "{53FD18AD-DACE-4868-81F8-37A2C598156E}"
EndProject
Project("{FAE04EC0-301F-11D3-BF4B-00C04F79EFBC}") = "SiteMonitor.Web", "SiteMonitor.Web\SiteMonitor.Web.csproj", "{4F348A07-B694-49BD-8044-844BE3F13E2A}"
EndProject
Project("{FAE04EC0-301F-11D3-BF4B-00C04F79EFBC}") = "SiteMonitor.ConsoleServer", "SiteMonitor.ConsoleServer\SiteMonitor.ConsoleServer.csproj", "{840FEBAA-0B26-4AAD-977B-BB4A7DB6C126}"
EndProject
Project("{CC5FD16D-436D-48AD-A40C-5A424C6E3E79}") = "SiteMonitor.Azure", "SiteMonitor.Azure\SiteMonitor.Azure.ccproj", "{E3C1857B-1213-435A-AFD1-53D03F29E500}"
EndProject
Project("{FAE04EC0-301F-11D3-BF4B-00C04F79EFBC}") = "SiteMonitor.WorkerRole", "SiteMonitor.WorkerRole\SiteMonitor.WorkerRole.csproj", "{A4FB8753-CC1A-4F91-9658-49EDD1C4E3A0}"
EndProject
Project("{FAE04EC0-301F-11D3-BF4B-00C04F79EFBC}") = "TimeServer", "TimeServer\TimeServer.csproj", "{DAF0FB03-9B31-424E-881A-7DA5E075EEB5}"
EndProject
Project("{FAE04EC0-301F-11D3-BF4B-00C04F79EFBC}") = "TimeServer.WebClient", "TimeServer.WebClient\TimeServer.WebClient.csproj", "{0DA16AB8-2BF4-4C9C-B94B-5244AE311B5A}"
EndProject
Project("{CC5FD16D-436D-48AD-A40C-5A424C6E3E79}") = "TimeServer.Azure", "TimeServer.Azure\TimeServer.Azure.ccproj", "{E55B1014-D41C-4DB9-B7D0-8DCE1F272CEE}"
EndProject
Project("{FAE04EC0-301F-11D3-BF4B-00C04F79EFBC}") = "TimeServer.WorkerRole", "TimeServer.WorkerRole\TimeServer.WorkerRole.csproj", "{9468F064-5A22-48FB-AB2E-66FCE421B7C8}"
EndProject
Project("{FAE04EC0-301F-11D3-BF4B-00C04F79EFBC}") = "SkeletonTrackingClient", "SkeletonTrackingClient\SkeletonTrackingClient.csproj", "{1AFA942D-5847-48CA-9F91-1C7B0CAFAB63}"
EndProject
Project("{FAE04EC0-301F-11D3-BF4B-00C04F79EFBC}") = "SkeletonTrackingServer", "SkeletonTrackingServer\SkeletonTrackingServer.csproj", "{EF39AF96-B83A-4D70-9847-B17C3FDE7B37}"
EndProject
Project("{FAE04EC0-301F-11D3-BF4B-00C04F79EFBC}") = "ScalingSignalR.Web", "ScalingSignalR.Web\ScalingSignalR.Web.csproj", "{0E153A22-16D4-443C-9CFE-8A3313EBB505}"
EndProject
Project("{CC5FD16D-436D-48AD-A40C-5A424C6E3E79}") = "ScalingSignalR", "ScalingSignalR\ScalingSignalR.ccproj", "{EFD51FA6-5A00-4812-BBFE-E969FD226B16}"
EndProject
Project("{2150E333-8FDC-42A3-9474-1A3956D46DE8}") = "Scaling", "Scaling", "{7592464E-8F19-41A7-A59F-566EA44B5497}"
EndProject
Project("{2150E333-8FDC-42A3-9474-1A3956D46DE8}") = "Basics", "Basics", "{4468D763-93CC-4D41-9D5E-DB22DB5A6E63}"
EndProject
Project("{2150E333-8FDC-42A3-9474-1A3956D46DE8}") = "Native", "Native", "{A1FE0546-451B-41CA-A536-FB183D067525}"
EndProject
Project("{2150E333-8FDC-42A3-9474-1A3956D46DE8}") = "Hosting", "Hosting", "{57C35817-7A56-442D-82BE-19FBCB4A37FC}"
EndProject
Project("{2150E333-8FDC-42A3-9474-1A3956D46DE8}") = "Fun", "Fun", "{7B1AFB46-BB90-4A1C-BD76-397E1210F644}"
EndProject
Project("{2150E333-8FDC-42A3-9474-1A3956D46DE8}") = "Hosting-Part-2", "Hosting-Part-2", "{C83BDAA3-2AEE-440F-9617-7E4A4FE97ED1}"
EndProject
Project("{2150E333-8FDC-42A3-9474-1A3956D46DE8}") = "Native-Part-2", "Native-Part-2", "{8A8EC7BA-5D52-4301-9FDF-A1C460D4E10B}"
EndProject
Global
	GlobalSection(SolutionConfigurationPlatforms) = preSolution
		Debug|Any CPU = Debug|Any CPU
		Release|Any CPU = Release|Any CPU
	EndGlobalSection
	GlobalSection(ProjectConfigurationPlatforms) = postSolution
		{0DA16AB8-2BF4-4C9C-B94B-5244AE311B5A}.Debug|Any CPU.ActiveCfg = Debug|Any CPU
		{0DA16AB8-2BF4-4C9C-B94B-5244AE311B5A}.Debug|Any CPU.Build.0 = Debug|Any CPU
		{0DA16AB8-2BF4-4C9C-B94B-5244AE311B5A}.Release|Any CPU.ActiveCfg = Release|Any CPU
		{0DA16AB8-2BF4-4C9C-B94B-5244AE311B5A}.Release|Any CPU.Build.0 = Release|Any CPU
		{0E153A22-16D4-443C-9CFE-8A3313EBB505}.Debug|Any CPU.ActiveCfg = Debug|Any CPU
		{0E153A22-16D4-443C-9CFE-8A3313EBB505}.Debug|Any CPU.Build.0 = Debug|Any CPU
		{0E153A22-16D4-443C-9CFE-8A3313EBB505}.Release|Any CPU.ActiveCfg = Release|Any CPU
		{0E153A22-16D4-443C-9CFE-8A3313EBB505}.Release|Any CPU.Build.0 = Release|Any CPU
		{1AFA942D-5847-48CA-9F91-1C7B0CAFAB63}.Debug|Any CPU.ActiveCfg = Debug|Any CPU
		{1AFA942D-5847-48CA-9F91-1C7B0CAFAB63}.Debug|Any CPU.Build.0 = Debug|Any CPU
		{1AFA942D-5847-48CA-9F91-1C7B0CAFAB63}.Release|Any CPU.ActiveCfg = Release|Any CPU
		{1AFA942D-5847-48CA-9F91-1C7B0CAFAB63}.Release|Any CPU.Build.0 = Release|Any CPU
		{4F348A07-B694-49BD-8044-844BE3F13E2A}.Debug|Any CPU.ActiveCfg = Debug|Any CPU
		{4F348A07-B694-49BD-8044-844BE3F13E2A}.Debug|Any CPU.Build.0 = Debug|Any CPU
		{4F348A07-B694-49BD-8044-844BE3F13E2A}.Release|Any CPU.ActiveCfg = Release|Any CPU
		{4F348A07-B694-49BD-8044-844BE3F13E2A}.Release|Any CPU.Build.0 = Release|Any CPU
		{53FD18AD-DACE-4868-81F8-37A2C598156E}.Debug|Any CPU.ActiveCfg = Debug|Any CPU
		{53FD18AD-DACE-4868-81F8-37A2C598156E}.Debug|Any CPU.Build.0 = Debug|Any CPU
		{53FD18AD-DACE-4868-81F8-37A2C598156E}.Release|Any CPU.ActiveCfg = Release|Any CPU
		{53FD18AD-DACE-4868-81F8-37A2C598156E}.Release|Any CPU.Build.0 = Release|Any CPU
		{840FEBAA-0B26-4AAD-977B-BB4A7DB6C126}.Debug|Any CPU.ActiveCfg = Debug|Any CPU
		{840FEBAA-0B26-4AAD-977B-BB4A7DB6C126}.Debug|Any CPU.Build.0 = Debug|Any CPU
		{840FEBAA-0B26-4AAD-977B-BB4A7DB6C126}.Release|Any CPU.ActiveCfg = Release|Any CPU
		{840FEBAA-0B26-4AAD-977B-BB4A7DB6C126}.Release|Any CPU.Build.0 = Release|Any CPU
		{8FAE2A03-FD78-44E2-A85B-FEE5E7D2FA05}.Debug|Any CPU.ActiveCfg = Debug|Any CPU
		{8FAE2A03-FD78-44E2-A85B-FEE5E7D2FA05}.Debug|Any CPU.Build.0 = Debug|Any CPU
		{8FAE2A03-FD78-44E2-A85B-FEE5E7D2FA05}.Release|Any CPU.ActiveCfg = Release|Any CPU
		{8FAE2A03-FD78-44E2-A85B-FEE5E7D2FA05}.Release|Any CPU.Build.0 = Release|Any CPU
		{9468F064-5A22-48FB-AB2E-66FCE421B7C8}.Debug|Any CPU.ActiveCfg = Debug|Any CPU
		{9468F064-5A22-48FB-AB2E-66FCE421B7C8}.Debug|Any CPU.Build.0 = Debug|Any CPU
		{9468F064-5A22-48FB-AB2E-66FCE421B7C8}.Release|Any CPU.ActiveCfg = Release|Any CPU
		{9468F064-5A22-48FB-AB2E-66FCE421B7C8}.Release|Any CPU.Build.0 = Release|Any CPU
		{A4FB8753-CC1A-4F91-9658-49EDD1C4E3A0}.Debug|Any CPU.ActiveCfg = Debug|Any CPU
		{A4FB8753-CC1A-4F91-9658-49EDD1C4E3A0}.Debug|Any CPU.Build.0 = Debug|Any CPU
		{A4FB8753-CC1A-4F91-9658-49EDD1C4E3A0}.Release|Any CPU.ActiveCfg = Release|Any CPU
		{A4FB8753-CC1A-4F91-9658-49EDD1C4E3A0}.Release|Any CPU.Build.0 = Release|Any CPU
		{DAF0FB03-9B31-424E-881A-7DA5E075EEB5}.Debug|Any CPU.ActiveCfg = Debug|Any CPU
		{DAF0FB03-9B31-424E-881A-7DA5E075EEB5}.Debug|Any CPU.Build.0 = Debug|Any CPU
		{DAF0FB03-9B31-424E-881A-7DA5E075EEB5}.Release|Any CPU.ActiveCfg = Release|Any CPU
		{DAF0FB03-9B31-424E-881A-7DA5E075EEB5}.Release|Any CPU.Build.0 = Release|Any CPU
		{E3C1857B-1213-435A-AFD1-53D03F29E500}.Debug|Any CPU.ActiveCfg = Debug|Any CPU
		{E3C1857B-1213-435A-AFD1-53D03F29E500}.Debug|Any CPU.Build.0 = Debug|Any CPU
		{E3C1857B-1213-435A-AFD1-53D03F29E500}.Release|Any CPU.ActiveCfg = Release|Any CPU
		{E3C1857B-1213-435A-AFD1-53D03F29E500}.Release|Any CPU.Build.0 = Release|Any CPU
		{E55B1014-D41C-4DB9-B7D0-8DCE1F272CEE}.Debug|Any CPU.ActiveCfg = Debug|Any CPU
		{E55B1014-D41C-4DB9-B7D0-8DCE1F272CEE}.Debug|Any CPU.Build.0 = Debug|Any CPU
		{E55B1014-D41C-4DB9-B7D0-8DCE1F272CEE}.Release|Any CPU.ActiveCfg = Release|Any CPU
		{E55B1014-D41C-4DB9-B7D0-8DCE1F272CEE}.Release|Any CPU.Build.0 = Release|Any CPU
		{E6A09BAF-DC0B-4EB2-9B63-969C725D0D0A}.Debug|Any CPU.ActiveCfg = Debug|Any CPU
		{E6A09BAF-DC0B-4EB2-9B63-969C725D0D0A}.Debug|Any CPU.Build.0 = Debug|Any CPU
		{E6A09BAF-DC0B-4EB2-9B63-969C725D0D0A}.Release|Any CPU.ActiveCfg = Release|Any CPU
		{E6A09BAF-DC0B-4EB2-9B63-969C725D0D0A}.Release|Any CPU.Build.0 = Release|Any CPU
		{EF39AF96-B83A-4D70-9847-B17C3FDE7B37}.Debug|Any CPU.ActiveCfg = Debug|Any CPU
		{EF39AF96-B83A-4D70-9847-B17C3FDE7B37}.Debug|Any CPU.Build.0 = Debug|Any CPU
		{EF39AF96-B83A-4D70-9847-B17C3FDE7B37}.Release|Any CPU.ActiveCfg = Release|Any CPU
		{EF39AF96-B83A-4D70-9847-B17C3FDE7B37}.Release|Any CPU.Build.0 = Release|Any CPU
		{EFD51FA6-5A00-4812-BBFE-E969FD226B16}.Debug|Any CPU.ActiveCfg = Debug|Any CPU
		{EFD51FA6-5A00-4812-BBFE-E969FD226B16}.Debug|Any CPU.Build.0 = Debug|Any CPU
		{EFD51FA6-5A00-4812-BBFE-E969FD226B16}.Release|Any CPU.ActiveCfg = Release|Any CPU
		{EFD51FA6-5A00-4812-BBFE-E969FD226B16}.Release|Any CPU.Build.0 = Release|Any CPU
	EndGlobalSection
	GlobalSection(SolutionProperties) = preSolution
		HideSolutionNode = FALSE
	EndGlobalSection
	GlobalSection(NestedProjects) = preSolution
		{0DA16AB8-2BF4-4C9C-B94B-5244AE311B5A} = {57C35817-7A56-442D-82BE-19FBCB4A37FC}
		{0E153A22-16D4-443C-9CFE-8A3313EBB505} = {7592464E-8F19-41A7-A59F-566EA44B5497}
		{1AFA942D-5847-48CA-9F91-1C7B0CAFAB63} = {7B1AFB46-BB90-4A1C-BD76-397E1210F644}
		{4F348A07-B694-49BD-8044-844BE3F13E2A} = {A1FE0546-451B-41CA-A536-FB183D067525}
		{53FD18AD-DACE-4868-81F8-37A2C598156E} = {A1FE0546-451B-41CA-A536-FB183D067525}
		{840FEBAA-0B26-4AAD-977B-BB4A7DB6C126} = {A1FE0546-451B-41CA-A536-FB183D067525}
		{8FAE2A03-FD78-44E2-A85B-FEE5E7D2FA05} = {57C35817-7A56-442D-82BE-19FBCB4A37FC}
		{9468F064-5A22-48FB-AB2E-66FCE421B7C8} = {C83BDAA3-2AEE-440F-9617-7E4A4FE97ED1}
		{A4FB8753-CC1A-4F91-9658-49EDD1C4E3A0} = {8A8EC7BA-5D52-4301-9FDF-A1C460D4E10B}
		{DAF0FB03-9B31-424E-881A-7DA5E075EEB5} = {57C35817-7A56-442D-82BE-19FBCB4A37FC}
		{E3C1857B-1213-435A-AFD1-53D03F29E500} = {8A8EC7BA-5D52-4301-9FDF-A1C460D4E10B}
		{E55B1014-D41C-4DB9-B7D0-8DCE1F272CEE} = {C83BDAA3-2AEE-440F-9617-7E4A4FE97ED1}
		{E6A09BAF-DC0B-4EB2-9B63-969C725D0D0A} = {4468D763-93CC-4D41-9D5E-DB22DB5A6E63}
		{EF39AF96-B83A-4D70-9847-B17C3FDE7B37} = {7B1AFB46-BB90-4A1C-BD76-397E1210F644}
		{EFD51FA6-5A00-4812-BBFE-E969FD226B16} = {7592464E-8F19-41A7-A59F-566EA44B5497}
	EndGlobalSection
EndGlobal
